
Microsoft Visual Studio Solution File, Format Version 12.00
# Visual Studio Version 17
VisualStudioVersion = 17.4.33213.308
MinimumVisualStudioVersion = 10.0.40219.1
Project("{FAE04EC0-301F-11D3-BF4B-00C04F79EFBC}") = "Day1", "ConsoleApp1\Day1.csproj", "{50000E62-A15E-440F-8C2A-ABD778AF995E}"
EndProject
Global
	GlobalSection(SolutionConfigurationPlatforms) = preSolution
		Debug|Any CPU = Debug|Any CPU
		Release|Any CPU = Release|Any CPU
	EndGlobalSection
	GlobalSection(ProjectConfigurationPlatforms) = postSolution
		{50000E62-A15E-440F-8C2A-ABD778AF995E}.Debug|Any CPU.ActiveCfg = Debug|Any CPU
		{50000E62-A15E-440F-8C2A-ABD778AF995E}.Debug|Any CPU.Build.0 = Debug|Any CPU
		{50000E62-A15E-440F-8C2A-ABD778AF995E}.Release|Any CPU.ActiveCfg = Release|Any CPU
		{50000E62-A15E-440F-8C2A-ABD778AF995E}.Release|Any CPU.Build.0 = Release|Any CPU
	EndGlobalSection
	GlobalSection(SolutionProperties) = preSolution
		HideSolutionNode = FALSE
	EndGlobalSection
	GlobalSection(ExtensibilityGlobals) = postSolution
		SolutionGuid = {D940C764-6278-46CB-88BA-6334F87AC659}
	EndGlobalSection
EndGlobal
